github.com/parakeet-nest/parakeet v0.0.0 h1:DgmlGirPDZPkQxoblH1CN+f0eBZDSL34H3rDyKnrI/w=
github.com/parakeet-nest/parakeet v0.0.0/go.mod h1:QN1kPH3LuNXiZciu8O7EFxo7R7aIFF0HVLMWfpivVNo=
github.com/parakeet-nest/parakeet v0.0.1 h1:vuzHJ8FHH00+hW7kutV+SkY3LgIUlcvlBqfolHEyFDs=
github.com/parakeet-nest/parakeet v0.0.1/go.mod h1:QN1kPH3LuNXiZciu8O7EFxo7R7aIFF0HVLMWfpivVNo=
github.com/parakeet-nest/parakeet v0.0.2 h1:R6Ot3MBRn+V8PWFz7FYCIu2nk0bwNZIEpCHMOmT3S7g=
github.com/parakeet-nest/parakeet v0.0.2/go.mod h1:PSWzmX9MvXxaJU6/oYrupI/EWuWcbvjLXYzZGiBL87Y=
