github.com/parakeet-nest/parakeet v0.0.6 h1:ZzN5HfewmSJ3WWtpNebIDVbef3WFTBAfFDULz6x17iQ=
github.com/parakeet-nest/parakeet v0.0.6/go.mod h1:5E1PE9lVrHjnwAPbpwcSYJCKlgUnkVmWFj3m3ZsfKX0=
github.com/parakeet-nest/parakeet v0.1.9 h1:chlwjN03CbhpRy5G1lkLIMVjzunv7QP2LRLCK4lloAg=
github.com/parakeet-nest/parakeet v0.1.9/go.mod h1:ruQL+aQEfzU1ZZirw7N0G7t83eVG62O2o++dQT6Y7p4=
github.com/parakeet-nest/parakeet v0.2.2 h1:mU0MuQ19sWvdFWaQ4mYoMugkxp8YyUFxF5YrHau3ifw=
github.com/parakeet-nest/parakeet v0.2.2/go.mod h1:8M3ApjoLs/+tFuAqCxE2g9iSAODDT3OoW/Z6c5z++gw=
